// !$*UTF8*$!
{
	archiveVersion = 1;
	classes = {
	};
	objectVersion = 50;
	objects = {

/* Begin PBXBuildFile section */
		5292305FD7E0C2306491256D /* Pods_MemberAwardsTests.framework in Frameworks */ = {isa = PBXBuildFile; fileRef = D95D170BD2B70097DF44CC77 /* Pods_MemberAwardsTests.framework */; };
		685FD6BE47B21CD353FEB396 /* Pods_MemberAwards.framework in Frameworks */ = {isa = PBXBuildFile; fileRef = 76CF7BB88F70F2633E1C8655 /* Pods_MemberAwards.framework */; };
		84DE110C23EE81A5006E0A42 /* AppDelegate.swift in Sources */ = {isa = PBXBuildFile; fileRef = 84DE110B23EE81A5006E0A42 /* AppDelegate.swift */; };
		84DE111323EE81A5006E0A42 /* Main.storyboard in Resources */ = {isa = PBXBuildFile; fileRef = 84DE111123EE81A5006E0A42 /* Main.storyboard */; };
		84DE111523EE81A8006E0A42 /* Assets.xcassets in Resources */ = {isa = PBXBuildFile; fileRef = 84DE111423EE81A8006E0A42 /* Assets.xcassets */; };
		84DE111823EE81A8006E0A42 /* LaunchScreen.storyboard in Resources */ = {isa = PBXBuildFile; fileRef = 84DE111623EE81A8006E0A42 /* LaunchScreen.storyboard */; };
		84DE112323EE81A8006E0A42 /* MemberAwardsTests.swift in Sources */ = {isa = PBXBuildFile; fileRef = 84DE112223EE81A8006E0A42 /* MemberAwardsTests.swift */; };
		84DE112E23EE9730006E0A42 /* awards.json in Resources */ = {isa = PBXBuildFile; fileRef = 84DE112D23EE972F006E0A42 /* awards.json */; };
		84DE113323EE9F9E006E0A42 /* WelcomeViewController.swift in Sources */ = {isa = PBXBuildFile; fileRef = 84DE113223EE9F9E006E0A42 /* WelcomeViewController.swift */; };
		84DE113523EEA3E7006E0A42 /* WelcomeViewController.xib in Resources */ = {isa = PBXBuildFile; fileRef = 84DE113423EEA3E7006E0A42 /* WelcomeViewController.xib */; };
		84DE113823EEA41E006E0A42 /* Class+Extension.swift in Sources */ = {isa = PBXBuildFile; fileRef = 84DE113723EEA41E006E0A42 /* Class+Extension.swift */; };
		84DE113A23EEA462006E0A42 /* XIB+Extension.swift in Sources */ = {isa = PBXBuildFile; fileRef = 84DE113923EEA462006E0A42 /* XIB+Extension.swift */; };
		84DE113C23EEA57D006E0A42 /* UIWindow+Extension.swift in Sources */ = {isa = PBXBuildFile; fileRef = 84DE113B23EEA57C006E0A42 /* UIWindow+Extension.swift */; };
		84DE113E23EEA657006E0A42 /* Storyboard+Extension.swift in Sources */ = {isa = PBXBuildFile; fileRef = 84DE113D23EEA657006E0A42 /* Storyboard+Extension.swift */; };
		84DE114023F0ED28006E0A42 /* WelcomeViewModel.swift in Sources */ = {isa = PBXBuildFile; fileRef = 84DE113F23F0ED27006E0A42 /* WelcomeViewModel.swift */; };
		84DE114223F0EE3A006E0A42 /* WelcomeModel.swift in Sources */ = {isa = PBXBuildFile; fileRef = 84DE114123F0EE39006E0A42 /* WelcomeModel.swift */; };
		84DE114523F0EED8006E0A42 /* Constants.swift in Sources */ = {isa = PBXBuildFile; fileRef = 84DE114423F0EED8006E0A42 /* Constants.swift */; };
		84DE114823F0F631006E0A42 /* FeedViewController.swift in Sources */ = {isa = PBXBuildFile; fileRef = 84DE114623F0F631006E0A42 /* FeedViewController.swift */; };
		84DE114923F0F631006E0A42 /* FeedViewController.xib in Resources */ = {isa = PBXBuildFile; fileRef = 84DE114723F0F631006E0A42 /* FeedViewController.xib */; };
		84DE114F23F12E0E006E0A42 /* MenuViewController.swift in Sources */ = {isa = PBXBuildFile; fileRef = 84DE114D23F12E0E006E0A42 /* MenuViewController.swift */; };
		84DE115023F12E0E006E0A42 /* MenuViewController.xib in Resources */ = {isa = PBXBuildFile; fileRef = 84DE114E23F12E0E006E0A42 /* MenuViewController.xib */; };
/* End PBXBuildFile section */

/* Begin PBXContainerItemProxy section */
		84DE111F23EE81A8006E0A42 /* PBXContainerItemProxy */ = {
			isa = PBXContainerItemProxy;
			containerPortal = 84DE110023EE81A4006E0A42 /* Project object */;
			proxyType = 1;
			remoteGlobalIDString = 84DE110723EE81A5006E0A42;
			remoteInfo = MemberAwards;
		};
/* End PBXContainerItemProxy section */

/* Begin PBXFileReference section */
		096B733D2311D74B42D686B1 /* Pods-MemberAwards.release.xcconfig */ = {isa = PBXFileReference; includeInIndex = 1; lastKnownFileType = text.xcconfig; name = "Pods-MemberAwards.release.xcconfig"; path = "Target Support Files/Pods-MemberAwards/Pods-MemberAwards.release.xcconfig"; sourceTree = "<group>"; };
		1DA98348948FE855166DABB6 /* Pods-MemberAwardsTests.debug.xcconfig */ = {isa = PBXFileReference; includeInIndex = 1; lastKnownFileType = text.xcconfig; name = "Pods-MemberAwardsTests.debug.xcconfig"; path = "Target Support Files/Pods-MemberAwardsTests/Pods-MemberAwardsTests.debug.xcconfig"; sourceTree = "<group>"; };
		5B0F3C46ABC60498082FBB64 /* Pods-MemberAwards.debug.xcconfig */ = {isa = PBXFileReference; includeInIndex = 1; lastKnownFileType = text.xcconfig; name = "Pods-MemberAwards.debug.xcconfig"; path = "Target Support Files/Pods-MemberAwards/Pods-MemberAwards.debug.xcconfig"; sourceTree = "<group>"; };
		76CF7BB88F70F2633E1C8655 /* Pods_MemberAwards.framework */ = {isa = PBXFileReference; explicitFileType = wrapper.framework; includeInIndex = 0; path = Pods_MemberAwards.framework; sourceTree = BUILT_PRODUCTS_DIR; };
		84DE110823EE81A5006E0A42 /* MemberAwards.app */ = {isa = PBXFileReference; explicitFileType = wrapper.application; includeInIndex = 0; path = MemberAwards.app; sourceTree = BUILT_PRODUCTS_DIR; };
		84DE110B23EE81A5006E0A42 /* AppDelegate.swift */ = {isa = PBXFileReference; lastKnownFileType = sourcecode.swift; path = AppDelegate.swift; sourceTree = "<group>"; };
		84DE111223EE81A5006E0A42 /* Base */ = {isa = PBXFileReference; lastKnownFileType = file.storyboard; name = Base; path = Base.lproj/Main.storyboard; sourceTree = "<group>"; };
		84DE111423EE81A8006E0A42 /* Assets.xcassets */ = {isa = PBXFileReference; lastKnownFileType = folder.assetcatalog; path = Assets.xcassets; sourceTree = "<group>"; };
		84DE111723EE81A8006E0A42 /* Base */ = {isa = PBXFileReference; lastKnownFileType = file.storyboard; name = Base; path = Base.lproj/LaunchScreen.storyboard; sourceTree = "<group>"; };
		84DE111923EE81A8006E0A42 /* Info.plist */ = {isa = PBXFileReference; lastKnownFileType = text.plist.xml; path = Info.plist; sourceTree = "<group>"; };
		84DE111E23EE81A8006E0A42 /* MemberAwardsTests.xctest */ = {isa = PBXFileReference; explicitFileType = wrapper.cfbundle; includeInIndex = 0; path = MemberAwardsTests.xctest; sourceTree = BUILT_PRODUCTS_DIR; };
		84DE112223EE81A8006E0A42 /* MemberAwardsTests.swift */ = {isa = PBXFileReference; lastKnownFileType = sourcecode.swift; path = MemberAwardsTests.swift; sourceTree = "<group>"; };
		84DE112423EE81A8006E0A42 /* Info.plist */ = {isa = PBXFileReference; lastKnownFileType = text.plist.xml; path = Info.plist; sourceTree = "<group>"; };
		84DE112D23EE972F006E0A42 /* awards.json */ = {isa = PBXFileReference; fileEncoding = 4; lastKnownFileType = text.json; path = awards.json; sourceTree = "<group>"; };
		84DE113223EE9F9E006E0A42 /* WelcomeViewController.swift */ = {isa = PBXFileReference; lastKnownFileType = sourcecode.swift; path = WelcomeViewController.swift; sourceTree = "<group>"; };
		84DE113423EEA3E7006E0A42 /* WelcomeViewController.xib */ = {isa = PBXFileReference; lastKnownFileType = file.xib; path = WelcomeViewController.xib; sourceTree = "<group>"; };
		84DE113723EEA41E006E0A42 /* Class+Extension.swift */ = {isa = PBXFileReference; lastKnownFileType = sourcecode.swift; path = "Class+Extension.swift"; sourceTree = "<group>"; };
		84DE113923EEA462006E0A42 /* XIB+Extension.swift */ = {isa = PBXFileReference; lastKnownFileType = sourcecode.swift; path = "XIB+Extension.swift"; sourceTree = "<group>"; };
		84DE113B23EEA57C006E0A42 /* UIWindow+Extension.swift */ = {isa = PBXFileReference; lastKnownFileType = sourcecode.swift; path = "UIWindow+Extension.swift"; sourceTree = "<group>"; };
		84DE113D23EEA657006E0A42 /* Storyboard+Extension.swift */ = {isa = PBXFileReference; lastKnownFileType = sourcecode.swift; path = "Storyboard+Extension.swift"; sourceTree = "<group>"; };
		84DE113F23F0ED27006E0A42 /* WelcomeViewModel.swift */ = {isa = PBXFileReference; lastKnownFileType = sourcecode.swift; path = WelcomeViewModel.swift; sourceTree = "<group>"; };
		84DE114123F0EE39006E0A42 /* WelcomeModel.swift */ = {isa = PBXFileReference; lastKnownFileType = sourcecode.swift; path = WelcomeModel.swift; sourceTree = "<group>"; };
		84DE114423F0EED8006E0A42 /* Constants.swift */ = {isa = PBXFileReference; lastKnownFileType = sourcecode.swift; path = Constants.swift; sourceTree = "<group>"; };
		84DE114623F0F631006E0A42 /* FeedViewController.swift */ = {isa = PBXFileReference; lastKnownFileType = sourcecode.swift; path = FeedViewController.swift; sourceTree = "<group>"; };
		84DE114723F0F631006E0A42 /* FeedViewController.xib */ = {isa = PBXFileReference; lastKnownFileType = file.xib; path = FeedViewController.xib; sourceTree = "<group>"; };
		84DE114D23F12E0E006E0A42 /* MenuViewController.swift */ = {isa = PBXFileReference; lastKnownFileType = sourcecode.swift; path = MenuViewController.swift; sourceTree = "<group>"; };
		84DE114E23F12E0E006E0A42 /* MenuViewController.xib */ = {isa = PBXFileReference; lastKnownFileType = file.xib; path = MenuViewController.xib; sourceTree = "<group>"; };
		CA6D336E1DA7E0E23468CE2F /* Pods-MemberAwardsTests.release.xcconfig */ = {isa = PBXFileReference; includeInIndex = 1; lastKnownFileType = text.xcconfig; name = "Pods-MemberAwardsTests.release.xcconfig"; path = "Target Support Files/Pods-MemberAwardsTests/Pods-MemberAwardsTests.release.xcconfig"; sourceTree = "<group>"; };
		D95D170BD2B70097DF44CC77 /* Pods_MemberAwardsTests.framework */ = {isa = PBXFileReference; explicitFileType = wrapper.framework; includeInIndex = 0; path = Pods_MemberAwardsTests.framework; sourceTree = BUILT_PRODUCTS_DIR; };
/* End PBXFileReference section */

/* Begin PBXFrameworksBuildPhase section */
		84DE110523EE81A5006E0A42 /* Frameworks */ = {
			isa = PBXFrameworksBuildPhase;
			buildActionMask = 2147483647;
			files = (
				685FD6BE47B21CD353FEB396 /* Pods_MemberAwards.framework in Frameworks */,
			);
			runOnlyForDeploymentPostprocessing = 0;
		};
		84DE111B23EE81A8006E0A42 /* Frameworks */ = {
			isa = PBXFrameworksBuildPhase;
			buildActionMask = 2147483647;
			files = (
				5292305FD7E0C2306491256D /* Pods_MemberAwardsTests.framework in Frameworks */,
			);
			runOnlyForDeploymentPostprocessing = 0;
		};
/* End PBXFrameworksBuildPhase section */

/* Begin PBXGroup section */
		5A639445F20EAC074FE6825D /* Pods */ = {
			isa = PBXGroup;
			children = (
				5B0F3C46ABC60498082FBB64 /* Pods-MemberAwards.debug.xcconfig */,
				096B733D2311D74B42D686B1 /* Pods-MemberAwards.release.xcconfig */,
				1DA98348948FE855166DABB6 /* Pods-MemberAwardsTests.debug.xcconfig */,
				CA6D336E1DA7E0E23468CE2F /* Pods-MemberAwardsTests.release.xcconfig */,
			);
			name = Pods;
			path = Pods;
			sourceTree = "<group>";
		};
		84DE10FF23EE81A4006E0A42 = {
			isa = PBXGroup;
			children = (
				84DE110A23EE81A5006E0A42 /* MemberAwards */,
				84DE112123EE81A8006E0A42 /* MemberAwardsTests */,
				84DE110923EE81A5006E0A42 /* Products */,
				5A639445F20EAC074FE6825D /* Pods */,
				D45B1DE381D0B9A80F8DAFA1 /* Frameworks */,
			);
			sourceTree = "<group>";
		};
		84DE110923EE81A5006E0A42 /* Products */ = {
			isa = PBXGroup;
			children = (
				84DE110823EE81A5006E0A42 /* MemberAwards.app */,
				84DE111E23EE81A8006E0A42 /* MemberAwardsTests.xctest */,
			);
			name = Products;
			sourceTree = "<group>";
		};
		84DE110A23EE81A5006E0A42 /* MemberAwards */ = {
			isa = PBXGroup;
			children = (
				84DE110B23EE81A5006E0A42 /* AppDelegate.swift */,
				84DE112D23EE972F006E0A42 /* awards.json */,
				84DE111923EE81A8006E0A42 /* Info.plist */,
				84DE114423F0EED8006E0A42 /* Constants.swift */,
				84DE113623EEA407006E0A42 /* Extensions */,
				84DE112F23EE97CE006E0A42 /* Modules */,
				84DE114323F0EEA1006E0A42 /* SupportingFiles */,
			);
			path = MemberAwards;
			sourceTree = "<group>";
		};
		84DE112123EE81A8006E0A42 /* MemberAwardsTests */ = {
			isa = PBXGroup;
			children = (
				84DE112223EE81A8006E0A42 /* MemberAwardsTests.swift */,
				84DE112423EE81A8006E0A42 /* Info.plist */,
			);
			path = MemberAwardsTests;
			sourceTree = "<group>";
		};
		84DE112F23EE97CE006E0A42 /* Modules */ = {
			isa = PBXGroup;
			children = (
				84DE114A23F12D83006E0A42 /* Drawer */,
				84DE113123EE9F5A006E0A42 /* Feed */,
				84DE113023EE97DC006E0A42 /* Welcome */,
			);
			path = Modules;
			sourceTree = "<group>";
		};
		84DE113023EE97DC006E0A42 /* Welcome */ = {
			isa = PBXGroup;
			children = (
				84DE113223EE9F9E006E0A42 /* WelcomeViewController.swift */,
				84DE113423EEA3E7006E0A42 /* WelcomeViewController.xib */,
				84DE113F23F0ED27006E0A42 /* WelcomeViewModel.swift */,
				84DE114123F0EE39006E0A42 /* WelcomeModel.swift */,
			);
			path = Welcome;
			sourceTree = "<group>";
		};
		84DE113123EE9F5A006E0A42 /* Feed */ = {
			isa = PBXGroup;
			children = (
				84DE114623F0F631006E0A42 /* FeedViewController.swift */,
				84DE114723F0F631006E0A42 /* FeedViewController.xib */,
			);
			path = Feed;
			sourceTree = "<group>";
		};
		84DE113623EEA407006E0A42 /* Extensions */ = {
			isa = PBXGroup;
			children = (
				84DE113723EEA41E006E0A42 /* Class+Extension.swift */,
				84DE113923EEA462006E0A42 /* XIB+Extension.swift */,
				84DE113B23EEA57C006E0A42 /* UIWindow+Extension.swift */,
				84DE113D23EEA657006E0A42 /* Storyboard+Extension.swift */,
			);
			path = Extensions;
			sourceTree = "<group>";
		};
		84DE114323F0EEA1006E0A42 /* SupportingFiles */ = {
			isa = PBXGroup;
			children = (
				84DE111123EE81A5006E0A42 /* Main.storyboard */,
				84DE111423EE81A8006E0A42 /* Assets.xcassets */,
				84DE111623EE81A8006E0A42 /* LaunchScreen.storyboard */,
			);
			path = SupportingFiles;
			sourceTree = "<group>";
		};
		84DE114A23F12D83006E0A42 /* Drawer */ = {
			isa = PBXGroup;
			children = (
				84DE114D23F12E0E006E0A42 /* MenuViewController.swift */,
				84DE114E23F12E0E006E0A42 /* MenuViewController.xib */,
			);
			path = Drawer;
			sourceTree = "<group>";
		};
		D45B1DE381D0B9A80F8DAFA1 /* Frameworks */ = {
			isa = PBXGroup;
			children = (
				76CF7BB88F70F2633E1C8655 /* Pods_MemberAwards.framework */,
				D95D170BD2B70097DF44CC77 /* Pods_MemberAwardsTests.framework */,
			);
			name = Frameworks;
			sourceTree = "<group>";
		};
/* End PBXGroup section */

/* Begin PBXNativeTarget section */
		84DE110723EE81A5006E0A42 /* MemberAwards */ = {
			isa = PBXNativeTarget;
			buildConfigurationList = 84DE112723EE81A9006E0A42 /* Build configuration list for PBXNativeTarget "MemberAwards" */;
			buildPhases = (
				70CA53AA79E0C7E46A4019E2 /* [CP] Check Pods Manifest.lock */,
				84DE110423EE81A5006E0A42 /* Sources */,
				84DE110523EE81A5006E0A42 /* Frameworks */,
				84DE110623EE81A5006E0A42 /* Resources */,
				461BE746E48FA4C9E89F29D8 /* [CP] Embed Pods Frameworks */,
			);
			buildRules = (
			);
			dependencies = (
			);
			name = MemberAwards;
			productName = MemberAwards;
			productReference = 84DE110823EE81A5006E0A42 /* MemberAwards.app */;
			productType = "com.apple.product-type.application";
		};
		84DE111D23EE81A8006E0A42 /* MemberAwardsTests */ = {
			isa = PBXNativeTarget;
			buildConfigurationList = 84DE112A23EE81A9006E0A42 /* Build configuration list for PBXNativeTarget "MemberAwardsTests" */;
			buildPhases = (
				8DE9D9C7FEF12B7F03F003C1 /* [CP] Check Pods Manifest.lock */,
				84DE111A23EE81A8006E0A42 /* Sources */,
				84DE111B23EE81A8006E0A42 /* Frameworks */,
				84DE111C23EE81A8006E0A42 /* Resources */,
			);
			buildRules = (
			);
			dependencies = (
				84DE112023EE81A8006E0A42 /* PBXTargetDependency */,
			);
			name = MemberAwardsTests;
			productName = MemberAwardsTests;
			productReference = 84DE111E23EE81A8006E0A42 /* MemberAwardsTests.xctest */;
			productType = "com.apple.product-type.bundle.unit-test";
		};
/* End PBXNativeTarget section */

/* Begin PBXProject section */
		84DE110023EE81A4006E0A42 /* Project object */ = {
			isa = PBXProject;
			attributes = {
				LastSwiftUpdateCheck = 1100;
				LastUpgradeCheck = 1100;
				ORGANIZATIONNAME = Chrizers;
				TargetAttributes = {
					84DE110723EE81A5006E0A42 = {
						CreatedOnToolsVersion = 11.0;
					};
					84DE111D23EE81A8006E0A42 = {
						CreatedOnToolsVersion = 11.0;
						TestTargetID = 84DE110723EE81A5006E0A42;
					};
				};
			};
			buildConfigurationList = 84DE110323EE81A4006E0A42 /* Build configuration list for PBXProject "MemberAwards" */;
			compatibilityVersion = "Xcode 9.3";
			developmentRegion = en;
			hasScannedForEncodings = 0;
			knownRegions = (
				en,
				Base,
			);
			mainGroup = 84DE10FF23EE81A4006E0A42;
			productRefGroup = 84DE110923EE81A5006E0A42 /* Products */;
			projectDirPath = "";
			projectRoot = "";
			targets = (
				84DE110723EE81A5006E0A42 /* MemberAwards */,
				84DE111D23EE81A8006E0A42 /* MemberAwardsTests */,
			);
		};
/* End PBXProject section */

/* Begin PBXResourcesBuildPhase section */
		84DE110623EE81A5006E0A42 /* Resources */ = {
			isa = PBXResourcesBuildPhase;
			buildActionMask = 2147483647;
			files = (
				84DE113523EEA3E7006E0A42 /* WelcomeViewController.xib in Resources */,
				84DE112E23EE9730006E0A42 /* awards.json in Resources */,
				84DE111823EE81A8006E0A42 /* LaunchScreen.storyboard in Resources */,
				84DE111523EE81A8006E0A42 /* Assets.xcassets in Resources */,
				84DE114923F0F631006E0A42 /* FeedViewController.xib in Resources */,
				84DE115023F12E0E006E0A42 /* MenuViewController.xib in Resources */,
				84DE111323EE81A5006E0A42 /* Main.storyboard in Resources */,
			);
			runOnlyForDeploymentPostprocessing = 0;
		};
		84DE111C23EE81A8006E0A42 /* Resources */ = {
			isa = PBXResourcesBuildPhase;
			buildActionMask = 2147483647;
			files = (
			);
			runOnlyForDeploymentPostprocessing = 0;
		};
/* End PBXResourcesBuildPhase section */

/* Begin PBXShellScriptBuildPhase section */
		461BE746E48FA4C9E89F29D8 /* [CP] Embed Pods Frameworks */ = {
			isa = PBXShellScriptBuildPhase;
			buildActionMask = 2147483647;
			files = (
			);
			inputFileListPaths = (
				"${PODS_ROOT}/Target Support Files/Pods-MemberAwards/Pods-MemberAwards-frameworks-${CONFIGURATION}-input-files.xcfilelist",
			);
			name = "[CP] Embed Pods Frameworks";
			outputFileListPaths = (
				"${PODS_ROOT}/Target Support Files/Pods-MemberAwards/Pods-MemberAwards-frameworks-${CONFIGURATION}-output-files.xcfilelist",
			);
			runOnlyForDeploymentPostprocessing = 0;
			shellPath = /bin/sh;
			shellScript = "\"${PODS_ROOT}/Target Support Files/Pods-MemberAwards/Pods-MemberAwards-frameworks.sh\"\n";
			showEnvVarsInLog = 0;
		};
		70CA53AA79E0C7E46A4019E2 /* [CP] Check Pods Manifest.lock */ = {
			isa = PBXShellScriptBuildPhase;
			buildActionMask = 2147483647;
			files = (
			);
			inputFileListPaths = (
			);
			inputPaths = (
				"${PODS_PODFILE_DIR_PATH}/Podfile.lock",
				"${PODS_ROOT}/Manifest.lock",
			);
			name = "[CP] Check Pods Manifest.lock";
			outputFileListPaths = (
			);
			outputPaths = (
				"$(DERIVED_FILE_DIR)/Pods-MemberAwards-checkManifestLockResult.txt",
			);
			runOnlyForDeploymentPostprocessing = 0;
			shellPath = /bin/sh;
			shellScript = "diff \"${PODS_PODFILE_DIR_PATH}/Podfile.lock\" \"${PODS_ROOT}/Manifest.lock\" > /dev/null\nif [ $? != 0 ] ; then\n    # print error to STDERR\n    echo \"error: The sandbox is not in sync with the Podfile.lock. Run 'pod install' or update your CocoaPods installation.\" >&2\n    exit 1\nfi\n# This output is used by Xcode 'outputs' to avoid re-running this script phase.\necho \"SUCCESS\" > \"${SCRIPT_OUTPUT_FILE_0}\"\n";
			showEnvVarsInLog = 0;
		};
		8DE9D9C7FEF12B7F03F003C1 /* [CP] Check Pods Manifest.lock */ = {
			isa = PBXShellScriptBuildPhase;
			buildActionMask = 2147483647;
			files = (
			);
			inputFileListPaths = (
			);
			inputPaths = (
				"${PODS_PODFILE_DIR_PATH}/Podfile.lock",
				"${PODS_ROOT}/Manifest.lock",
			);
			name = "[CP] Check Pods Manifest.lock";
			outputFileListPaths = (
			);
			outputPaths = (
				"$(DERIVED_FILE_DIR)/Pods-MemberAwardsTests-checkManifestLockResult.txt",
			);
			runOnlyForDeploymentPostprocessing = 0;
			shellPath = /bin/sh;
			shellScript = "diff \"${PODS_PODFILE_DIR_PATH}/Podfile.lock\" \"${PODS_ROOT}/Manifest.lock\" > /dev/null\nif [ $? != 0 ] ; then\n    # print error to STDERR\n    echo \"error: The sandbox is not in sync with the Podfile.lock. Run 'pod install' or update your CocoaPods installation.\" >&2\n    exit 1\nfi\n# This output is used by Xcode 'outputs' to avoid re-running this script phase.\necho \"SUCCESS\" > \"${SCRIPT_OUTPUT_FILE_0}\"\n";
			showEnvVarsInLog = 0;
		};
/* End PBXShellScriptBuildPhase section */

/* Begin PBXSourcesBuildPhase section */
		84DE110423EE81A5006E0A42 /* Sources */ = {
			isa = PBXSourcesBuildPhase;
			buildActionMask = 2147483647;
			files = (
				84DE113823EEA41E006E0A42 /* Class+Extension.swift in Sources */,
				84DE113C23EEA57D006E0A42 /* UIWindow+Extension.swift in Sources */,
				84DE114823F0F631006E0A42 /* FeedViewController.swift in Sources */,
				84DE114223F0EE3A006E0A42 /* WelcomeModel.swift in Sources */,
				84DE113E23EEA657006E0A42 /* Storyboard+Extension.swift in Sources */,
				84DE114023F0ED28006E0A42 /* WelcomeViewModel.swift in Sources */,
				84DE113A23EEA462006E0A42 /* XIB+Extension.swift in Sources */,
				84DE114F23F12E0E006E0A42 /* MenuViewController.swift in Sources */,
				84DE113323EE9F9E006E0A42 /* WelcomeViewController.swift in Sources */,
				84DE110C23EE81A5006E0A42 /* AppDelegate.swift in Sources */,
				84DE114523F0EED8006E0A42 /* Constants.swift in Sources */,
			);
			runOnlyForDeploymentPostprocessing = 0;
		};
		84DE111A23EE81A8006E0A42 /* Sources */ = {
			isa = PBXSourcesBuildPhase;
			buildActionMask = 2147483647;
			files = (
				84DE112323EE81A8006E0A42 /* MemberAwardsTests.swift in Sources */,
			);
			runOnlyForDeploymentPostprocessing = 0;
		};
/* End PBXSourcesBuildPhase section */

/* Begin PBXTargetDependency section */
		84DE112023EE81A8006E0A42 /* PBXTargetDependency */ = {
			isa = PBXTargetDependency;
			target = 84DE110723EE81A5006E0A42 /* MemberAwards */;
			targetProxy = 84DE111F23EE81A8006E0A42 /* PBXContainerItemProxy */;
		};
/* End PBXTargetDependency section */

/* Begin PBXVariantGroup section */
		84DE111123EE81A5006E0A42 /* Main.storyboard */ = {
			isa = PBXVariantGroup;
			children = (
				84DE111223EE81A5006E0A42 /* Base */,
			);
			name = Main.storyboard;
			sourceTree = "<group>";
		};
		84DE111623EE81A8006E0A42 /* LaunchScreen.storyboard */ = {
			isa = PBXVariantGroup;
			children = (
				84DE111723EE81A8006E0A42 /* Base */,
			);
			name = LaunchScreen.storyboard;
			sourceTree = "<group>";
		};
/* End PBXVariantGroup section */

/* Begin XCBuildConfiguration section */
		84DE112523EE81A8006E0A42 /* Debug */ = {
			isa = XCBuildConfiguration;
			buildSettings = {
				ALWAYS_SEARCH_USER_PATHS = NO;
				CLANG_ANALYZER_NONNULL = YES;
				CLANG_ANALYZER_NUMBER_OBJECT_CONVERSION = YES_AGGRESSIVE;
				CLANG_CXX_LANGUAGE_STANDARD = "gnu++14";
				CLANG_CXX_LIBRARY = "libc++";
				CLANG_ENABLE_MODULES = YES;
				CLANG_ENABLE_OBJC_ARC = YES;
				CLANG_ENABLE_OBJC_WEAK = YES;
				CLANG_WARN_BLOCK_CAPTURE_AUTORELEASING = YES;
				CLANG_WARN_BOOL_CONVERSION = YES;
				CLANG_WARN_COMMA = YES;
				CLANG_WARN_CONSTANT_CONVERSION = YES;
				CLANG_WARN_DEPRECATED_OBJC_IMPLEMENTATIONS = YES;
				CLANG_WARN_DIRECT_OBJC_ISA_USAGE = YES_ERROR;
				CLANG_WARN_DOCUMENTATION_COMMENTS = YES;
				CLANG_WARN_EMPTY_BODY = YES;
				CLANG_WARN_ENUM_CONVERSION = YES;
				CLANG_WARN_INFINITE_RECURSION = YES;
				CLANG_WARN_INT_CONVERSION = YES;
				CLANG_WARN_NON_LITERAL_NULL_CONVERSION = YES;
				CLANG_WARN_OBJC_IMPLICIT_RETAIN_SELF = YES;
				CLANG_WARN_OBJC_LITERAL_CONVERSION = YES;
				CLANG_WARN_OBJC_ROOT_CLASS = YES_ERROR;
				CLANG_WARN_RANGE_LOOP_ANALYSIS = YES;
				CLANG_WARN_STRICT_PROTOTYPES = YES;
				CLANG_WARN_SUSPICIOUS_MOVE = YES;
				CLANG_WARN_UNGUARDED_AVAILABILITY = YES_AGGRESSIVE;
				CLANG_WARN_UNREACHABLE_CODE = YES;
				CLANG_WARN__DUPLICATE_METHOD_MATCH = YES;
				COPY_PHASE_STRIP = NO;
				DEBUG_INFORMATION_FORMAT = dwarf;
				ENABLE_STRICT_OBJC_MSGSEND = YES;
				ENABLE_TESTABILITY = YES;
				GCC_C_LANGUAGE_STANDARD = gnu11;
				GCC_DYNAMIC_NO_PIC = NO;
				GCC_NO_COMMON_BLOCKS = YES;
				GCC_OPTIMIZATION_LEVEL = 0;
				GCC_PREPROCESSOR_DEFINITIONS = (
					"DEBUG=1",
					"$(inherited)",
				);
				GCC_WARN_64_TO_32_BIT_CONVERSION = YES;
				GCC_WARN_ABOUT_RETURN_TYPE = YES_ERROR;
				GCC_WARN_UNDECLARED_SELECTOR = YES;
				GCC_WARN_UNINITIALIZED_AUTOS = YES_AGGRESSIVE;
				GCC_WARN_UNUSED_FUNCTION = YES;
				GCC_WARN_UNUSED_VARIABLE = YES;
				IPHONEOS_DEPLOYMENT_TARGET = 13.0;
				MTL_ENABLE_DEBUG_INFO = INCLUDE_SOURCE;
				MTL_FAST_MATH = YES;
				ONLY_ACTIVE_ARCH = YES;
				SDKROOT = iphoneos;
				SWIFT_ACTIVE_COMPILATION_CONDITIONS = DEBUG;
				SWIFT_OPTIMIZATION_LEVEL = "-Onone";
			};
			name = Debug;
		};
		84DE112623EE81A8006E0A42 /* Release */ = {
			isa = XCBuildConfiguration;
			buildSettings = {
				ALWAYS_SEARCH_USER_PATHS = NO;
				CLANG_ANALYZER_NONNULL = YES;
				CLANG_ANALYZER_NUMBER_OBJECT_CONVERSION = YES_AGGRESSIVE;
				CLANG_CXX_LANGUAGE_STANDARD = "gnu++14";
				CLANG_CXX_LIBRARY = "libc++";
				CLANG_ENABLE_MODULES = YES;
				CLANG_ENABLE_OBJC_ARC = YES;
				CLANG_ENABLE_OBJC_WEAK = YES;
				CLANG_WARN_BLOCK_CAPTURE_AUTORELEASING = YES;
				CLANG_WARN_BOOL_CONVERSION = YES;
				CLANG_WARN_COMMA = YES;
				CLANG_WARN_CONSTANT_CONVERSION = YES;
				CLANG_WARN_DEPRECATED_OBJC_IMPLEMENTATIONS = YES;
				CLANG_WARN_DIRECT_OBJC_ISA_USAGE = YES_ERROR;
				CLANG_WARN_DOCUMENTATION_COMMENTS = YES;
				CLANG_WARN_EMPTY_BODY = YES;
				CLANG_WARN_ENUM_CONVERSION = YES;
				CLANG_WARN_INFINITE_RECURSION = YES;
				CLANG_WARN_INT_CONVERSION = YES;
				CLANG_WARN_NON_LITERAL_NULL_CONVERSION = YES;
				CLANG_WARN_OBJC_IMPLICIT_RETAIN_SELF = YES;
				CLANG_WARN_OBJC_LITERAL_CONVERSION = YES;
				CLANG_WARN_OBJC_ROOT_CLASS = YES_ERROR;
				CLANG_WARN_RANGE_LOOP_ANALYSIS = YES;
				CLANG_WARN_STRICT_PROTOTYPES = YES;
				CLANG_WARN_SUSPICIOUS_MOVE = YES;
				CLANG_WARN_UNGUARDED_AVAILABILITY = YES_AGGRESSIVE;
				CLANG_WARN_UNREACHABLE_CODE = YES;
				CLANG_WARN__DUPLICATE_METHOD_MATCH = YES;
				COPY_PHASE_STRIP = NO;
				DEBUG_INFORMATION_FORMAT = "dwarf-with-dsym";
				ENABLE_NS_ASSERTIONS = NO;
				ENABLE_STRICT_OBJC_MSGSEND = YES;
				GCC_C_LANGUAGE_STANDARD = gnu11;
				GCC_NO_COMMON_BLOCKS = YES;
				GCC_WARN_64_TO_32_BIT_CONVERSION = YES;
				GCC_WARN_ABOUT_RETURN_TYPE = YES_ERROR;
				GCC_WARN_UNDECLARED_SELECTOR = YES;
				GCC_WARN_UNINITIALIZED_AUTOS = YES_AGGRESSIVE;
				GCC_WARN_UNUSED_FUNCTION = YES;
				GCC_WARN_UNUSED_VARIABLE = YES;
				IPHONEOS_DEPLOYMENT_TARGET = 13.0;
				MTL_ENABLE_DEBUG_INFO = NO;
				MTL_FAST_MATH = YES;
				SDKROOT = iphoneos;
				SWIFT_COMPILATION_MODE = wholemodule;
				SWIFT_OPTIMIZATION_LEVEL = "-O";
				VALIDATE_PRODUCT = YES;
			};
			name = Release;
		};
		84DE112823EE81A9006E0A42 /* Debug */ = {
			isa = XCBuildConfiguration;
			baseConfigurationReference = 5B0F3C46ABC60498082FBB64 /* Pods-MemberAwards.debug.xcconfig */;
			buildSettings = {
				ASSETCATALOG_COMPILER_APPICON_NAME = AppIcon;
				CODE_SIGN_STYLE = Automatic;
				DEVELOPMENT_TEAM = "";
				INFOPLIST_FILE = MemberAwards/Info.plist;
				LD_RUNPATH_SEARCH_PATHS = (
					"$(inherited)",
					"@executable_path/Frameworks",
				);
				PRODUCT_BUNDLE_IDENTIFIER = id.co.chrizer.MemberAwards;
				PRODUCT_NAME = "$(TARGET_NAME)";
				SWIFT_VERSION = 5.0;
				TARGETED_DEVICE_FAMILY = "1,2";
			};
			name = Debug;
		};
		84DE112923EE81A9006E0A42 /* Release */ = {
			isa = XCBuildConfiguration;
			baseConfigurationReference = 096B733D2311D74B42D686B1 /* Pods-MemberAwards.release.xcconfig */;
			buildSettings = {
				ASSETCATALOG_COMPILER_APPICON_NAME = AppIcon;
				CODE_SIGN_STYLE = Automatic;
				DEVELOPMENT_TEAM = "";
				INFOPLIST_FILE = MemberAwards/Info.plist;
				LD_RUNPATH_SEARCH_PATHS = (
					"$(inherited)",
					"@executable_path/Frameworks",
				);
				PRODUCT_BUNDLE_IDENTIFIER = id.co.chrizer.MemberAwards;
				PRODUCT_NAME = "$(TARGET_NAME)";
				SWIFT_VERSION = 5.0;
				TARGETED_DEVICE_FAMILY = "1,2";
			};
			name = Release;
		};
		84DE112B23EE81A9006E0A42 /* Debug */ = {
			isa = XCBuildConfiguration;
			baseConfigurationReference = 1DA98348948FE855166DABB6 /* Pods-MemberAwardsTests.debug.xcconfig */;
			buildSettings = {
				ALWAYS_EMBED_SWIFT_STANDARD_LIBRARIES = YES;
				BUNDLE_LOADER = "$(TEST_HOST)";
				CODE_SIGN_STYLE = Automatic;
				DEVELOPMENT_TEAM = 8GH3U9J536;
				INFOPLIST_FILE = MemberAwardsTests/Info.plist;
				IPHONEOS_DEPLOYMENT_TARGET = 13.0;
				LD_RUNPATH_SEARCH_PATHS = (
					"$(inherited)",
					"@executable_path/Frameworks",
					"@loader_path/Frameworks",
				);
				PRODUCT_BUNDLE_IDENTIFIER = id.co.chrizer.MemberAwardsTests;
				PRODUCT_NAME = "$(TARGET_NAME)";
				SWIFT_VERSION = 5.0;
				TARGETED_DEVICE_FAMILY = "1,2";
				TEST_HOST = "$(BUILT_PRODUCTS_DIR)/MemberAwards.app/MemberAwards";
			};
			name = Debug;
		};
		84DE112C23EE81A9006E0A42 /* Release */ = {
			isa = XCBuildConfiguration;
			baseConfigurationReference = CA6D336E1DA7E0E23468CE2F /* Pods-MemberAwardsTests.release.xcconfig */;
			buildSettings = {
				ALWAYS_EMBED_SWIFT_STANDARD_LIBRARIES = YES;
				BUNDLE_LOADER = "$(TEST_HOST)";
				CODE_SIGN_STYLE = Automatic;
				DEVELOPMENT_TEAM = 8GH3U9J536;
				INFOPLIST_FILE = MemberAwardsTests/Info.plist;
				IPHONEOS_DEPLOYMENT_TARGET = 13.0;
				LD_RUNPATH_SEARCH_PATHS = (
					"$(inherited)",
					"@executable_path/Frameworks",
					"@loader_path/Frameworks",
				);
				PRODUCT_BUNDLE_IDENTIFIER = id.co.chrizer.MemberAwardsTests;
				PRODUCT_NAME = "$(TARGET_NAME)";
				SWIFT_VERSION = 5.0;
				TARGETED_DEVICE_FAMILY = "1,2";
				TEST_HOST = "$(BUILT_PRODUCTS_DIR)/MemberAwards.app/MemberAwards";
			};
			name = Release;
		};
/* End XCBuildConfiguration section */

/* Begin XCConfigurationList section */
		84DE110323EE81A4006E0A42 /* Build configuration list for PBXProject "MemberAwards" */ = {
			isa = XCConfigurationList;
			buildConfigurations = (
				84DE112523EE81A8006E0A42 /* Debug */,
				84DE112623EE81A8006E0A42 /* Release */,
			);
			defaultConfigurationIsVisible = 0;
			defaultConfigurationName = Release;
		};
		84DE112723EE81A9006E0A42 /* Build configuration list for PBXNativeTarget "MemberAwards" */ = {
			isa = XCConfigurationList;
			buildConfigurations = (
				84DE112823EE81A9006E0A42 /* Debug */,
				84DE112923EE81A9006E0A42 /* Release */,
			);
			defaultConfigurationIsVisible = 0;
			defaultConfigurationName = Release;
		};
		84DE112A23EE81A9006E0A42 /* Build configuration list for PBXNativeTarget "MemberAwardsTests" */ = {
			isa = XCConfigurationList;
			buildConfigurations = (
				84DE112B23EE81A9006E0A42 /* Debug */,
				84DE112C23EE81A9006E0A42 /* Release */,
			);
			defaultConfigurationIsVisible = 0;
			defaultConfigurationName = Release;
		};
/* End XCConfigurationList section */
	};
	rootObject = 84DE110023EE81A4006E0A42 /* Project object */;
}
